
Microsoft Visual Studio Solution File, Format Version 12.00
# Visual Studio Version 17
VisualStudioVersion = 17.1.32421.90
MinimumVisualStudioVersion = 10.0.40219.1
Project("{FAE04EC0-301F-11D3-BF4B-00C04F79EFBC}") = "HashTableProject", "HashTableProject.csproj", "{70D42F84-3B45-4026-A8ED-25555069C437}"
EndProject
Global
	GlobalSection(SolutionConfigurationPlatforms) = preSolution
		Debug|Any CPU = Debug|Any CPU
		Release|Any CPU = Release|Any CPU
	EndGlobalSection
	GlobalSection(ProjectConfigurationPlatforms) = postSolution
		{70D42F84-3B45-4026-A8ED-25555069C437}.Debug|Any CPU.ActiveCfg = Debug|Any CPU
		{70D42F84-3B45-4026-A8ED-25555069C437}.Debug|Any CPU.Build.0 = Debug|Any CPU
		{70D42F84-3B45-4026-A8ED-25555069C437}.Release|Any CPU.ActiveCfg = Release|Any CPU
		{70D42F84-3B45-4026-A8ED-25555069C437}.Release|Any CPU.Build.0 = Release|Any CPU
	EndGlobalSection
	GlobalSection(SolutionProperties) = preSolution
		HideSolutionNode = FALSE
	EndGlobalSection
	GlobalSection(ExtensibilityGlobals) = postSolution
		SolutionGuid = {DD24700F-DD6A-42EF-A5C2-06E3D537116A}
	EndGlobalSection
EndGlobal
